// !$*UTF8*$!
{
	archiveVersion = 1;
	classes = {
	};
	objectVersion = 46;
	objects = {

/* Begin PBXBuildFile section */
		AA010B01170E419F00CD6E5F /* UIKit.framework in Frameworks */ = {isa = PBXBuildFile; fileRef = AA010B00170E419F00CD6E5F /* UIKit.framework */; };
		AA010B05170E419F00CD6E5F /* CoreGraphics.framework in Frameworks */ = {isa = PBXBuildFile; fileRef = AA010B04170E419F00CD6E5F /* CoreGraphics.framework */; };
		AA010B0B170E419F00CD6E5F /* InfoPlist.strings in Resources */ = {isa = PBXBuildFile; fileRef = AA010B09170E419F00CD6E5F /* InfoPlist.strings */; };
		AA010B0D170E419F00CD6E5F /* main.m in Sources */ = {isa = PBXBuildFile; fileRef = AA010B0C170E419F00CD6E5F /* main.m */; };
		AA010B11170E419F00CD6E5F /* AppDelegate.mm in Sources */ = {isa = PBXBuildFile; fileRef = AA010B10170E419F00CD6E5F /* AppDelegate.mm */; };
		AA010B13170E419F00CD6E5F /* Default.png in Resources */ = {isa = PBXBuildFile; fileRef = AA010B12170E419F00CD6E5F /* Default.png */; };
		AA010B15170E419F00CD6E5F /* Default@2x.png in Resources */ = {isa = PBXBuildFile; fileRef = AA010B14170E419F00CD6E5F /* Default@2x.png */; };
		AA010B17170E419F00CD6E5F /* Default-568h@2x.png in Resources */ = {isa = PBXBuildFile; fileRef = AA010B16170E419F00CD6E5F /* Default-568h@2x.png */; };
		AA0973F6170E4BBE00B07F9A /* Security.framework in Frameworks */ = {isa = PBXBuildFile; fileRef = AA0973F5170E4BBE00B07F9A /* Security.framework */; };
		AA0973F8170E4BC600B07F9A /* CoreLocation.framework in Frameworks */ = {isa = PBXBuildFile; fileRef = AA0973F7170E4BC600B07F9A /* CoreLocation.framework */; };
		AA0973FA170E4BCD00B07F9A /* EventKit.framework in Frameworks */ = {isa = PBXBuildFile; fileRef = AA0973F9170E4BCD00B07F9A /* EventKit.framework */; };
		AA0973FC170E4BD800B07F9A /* CFNetwork.framework in Frameworks */ = {isa = PBXBuildFile; fileRef = AA0973FB170E4BD800B07F9A /* CFNetwork.framework */; };
		AA0973FE170E4BDF00B07F9A /* MessageUI.framework in Frameworks */ = {isa = PBXBuildFile; fileRef = AA0973FD170E4BDF00B07F9A /* MessageUI.framework */; };
		AA097400170E4BE500B07F9A /* libz.dylib in Frameworks */ = {isa = PBXBuildFile; fileRef = AA0973FF170E4BE500B07F9A /* libz.dylib */; };
		AA2BFA5617160D880039A5C4 /* HistoryMainViewController.mm in Sources */ = {isa = PBXBuildFile; fileRef = AA2BFA5417160D870039A5C4 /* HistoryMainViewController.mm */; };
		AA2BFA5717160D880039A5C4 /* HistoryMainViewController.xib in Resources */ = {isa = PBXBuildFile; fileRef = AA2BFA5517160D880039A5C4 /* HistoryMainViewController.xib */; };
		AA6AF733171CBF9A001A38C4 /* GlympseTicketTableCell.mm in Sources */ = {isa = PBXBuildFile; fileRef = AA6AF731171CBD72001A38C4 /* GlympseTicketTableCell.mm */; };
		AA6AF736171CD6C2001A38C4 /* GlympseTicketTableCell.xib in Resources */ = {isa = PBXBuildFile; fileRef = AA6AF735171CD6C2001A38C4 /* GlympseTicketTableCell.xib */; };
		AA8DE80B1718C30100225EE4 /* icon.png in Resources */ = {isa = PBXBuildFile; fileRef = AA8DE80A1718C30100225EE4 /* icon.png */; };
		AA8DE80D1718C30400225EE4 /* icon@2x.png in Resources */ = {isa = PBXBuildFile; fileRef = AA8DE80C1718C30400225EE4 /* icon@2x.png */; };
		AA9EBFB41713A6A50015889F /* MapKit.framework in Frameworks */ = {isa = PBXBuildFile; fileRef = AA9EBFB31713A6A50015889F /* MapKit.framework */; };
		AA9EBFB71713A6D90015889F /* AddressBook.framework in Frameworks */ = {isa = PBXBuildFile; fileRef = AA9EBFB61713A6D90015889F /* AddressBook.framework */; };
		AA9EBFBB1713AC920015889F /* QuartzCore.framework in Frameworks */ = {isa = PBXBuildFile; fileRef = AA9EBFBA1713AC920015889F /* QuartzCore.framework */; };
		AAC805431713556A00792A3F /* GlympseLiteWrapper.mm in Sources */ = {isa = PBXBuildFile; fileRef = AAC805421713556A00792A3F /* GlympseLiteWrapper.mm */; };
		AAFF54F31729D1D60080DDF0 /* GlympseKitLite.framework in Frameworks */ = {isa = PBXBuildFile; fileRef = AAFF54F01729D1D60080DDF0 /* GlympseKitLite.framework */; };
		AAFF54F41729D1D60080DDF0 /* GlympseResourcesLite.bundle in Resources */ = {isa = PBXBuildFile; fileRef = AAFF54F21729D1D60080DDF0 /* GlympseResourcesLite.bundle */; };
/* End PBXBuildFile section */

/* Begin PBXFileReference section */
		AA010AFD170E419F00CD6E5F /* Gly-History.app */ = {isa = PBXFileReference; explicitFileType = wrapper.application; includeInIndex = 0; path = "Gly-History.app"; sourceTree = BUILT_PRODUCTS_DIR; };
		AA010B00170E419F00CD6E5F /* UIKit.framework */ = {isa = PBXFileReference; lastKnownFileType = wrapper.framework; name = UIKit.framework; path = System/Library/Frameworks/UIKit.framework; sourceTree = SDKROOT; };
		AA010B02170E419F00CD6E5F /* Foundation.framework */ = {isa = PBXFileReference; lastKnownFileType = wrapper.framework; name = Foundation.framework; path = System/Library/Frameworks/Foundation.framework; sourceTree = SDKROOT; };
		AA010B04170E419F00CD6E5F /* CoreGraphics.framework */ = {isa = PBXFileReference; lastKnownFileType = wrapper.framework; name = CoreGraphics.framework; path = System/Library/Frameworks/CoreGraphics.framework; sourceTree = SDKROOT; };
		AA010B08170E419F00CD6E5F /* GlympseHistoryLiteDemo-Info.plist */ = {isa = PBXFileReference; lastKnownFileType = text.plist.xml; path = "GlympseHistoryLiteDemo-Info.plist"; sourceTree = "<group>"; };
		AA010B0A170E419F00CD6E5F /* en */ = {isa = PBXFileReference; lastKnownFileType = text.plist.strings; name = en; path = en.lproj/InfoPlist.strings; sourceTree = "<group>"; };
		AA010B0C170E419F00CD6E5F /* main.m */ = {isa = PBXFileReference; lastKnownFileType = sourcecode.c.objc; path = main.m; sourceTree = "<group>"; };
		AA010B0E170E419F00CD6E5F /* GlympseHistoryLiteDemo-Prefix.pch */ = {isa = PBXFileReference; lastKnownFileType = sourcecode.c.h; path = "GlympseHistoryLiteDemo-Prefix.pch"; sourceTree = "<group>"; };
		AA010B0F170E419F00CD6E5F /* AppDelegate.h */ = {isa = PBXFileReference; lastKnownFileType = sourcecode.c.h; path = AppDelegate.h; sourceTree = "<group>"; };
		AA010B10170E419F00CD6E5F /* AppDelegate.mm */ = {isa = PBXFileReference; lastKnownFileType = sourcecode.cpp.objcpp; path = AppDelegate.mm; sourceTree = "<group>"; };
		AA010B12170E419F00CD6E5F /* Default.png */ = {isa = PBXFileReference; lastKnownFileType = image.png; path = Default.png; sourceTree = "<group>"; };
		AA010B14170E419F00CD6E5F /* Default@2x.png */ = {isa = PBXFileReference; lastKnownFileType = image.png; path = "Default@2x.png"; sourceTree = "<group>"; };
		AA010B16170E419F00CD6E5F /* Default-568h@2x.png */ = {isa = PBXFileReference; lastKnownFileType = image.png; path = "Default-568h@2x.png"; sourceTree = "<group>"; };
		AA0973F5170E4BBE00B07F9A /* Security.framework */ = {isa = PBXFileReference; lastKnownFileType = wrapper.framework; name = Security.framework; path = System/Library/Frameworks/Security.framework; sourceTree = SDKROOT; };
		AA0973F7170E4BC600B07F9A /* CoreLocation.framework */ = {isa = PBXFileReference; lastKnownFileType = wrapper.framework; name = CoreLocation.framework; path = System/Library/Frameworks/CoreLocation.framework; sourceTree = SDKROOT; };
		AA0973F9170E4BCD00B07F9A /* EventKit.framework */ = {isa = PBXFileReference; lastKnownFileType = wrapper.framework; name = EventKit.framework; path = System/Library/Frameworks/EventKit.framework; sourceTree = SDKROOT; };
		AA0973FB170E4BD800B07F9A /* CFNetwork.framework */ = {isa = PBXFileReference; lastKnownFileType = wrapper.framework; name = CFNetwork.framework; path = System/Library/Frameworks/CFNetwork.framework; sourceTree = SDKROOT; };
		AA0973FD170E4BDF00B07F9A /* MessageUI.framework */ = {isa = PBXFileReference; lastKnownFileType = wrapper.framework; name = MessageUI.framework; path = System/Library/Frameworks/MessageUI.framework; sourceTree = SDKROOT; };
		AA0973FF170E4BE500B07F9A /* libz.dylib */ = {isa = PBXFileReference; lastKnownFileType = "compiled.mach-o.dylib"; name = libz.dylib; path = usr/lib/libz.dylib; sourceTree = SDKROOT; };
		AA2BFA5317160D870039A5C4 /* HistoryMainViewController.h */ = {isa = PBXFileReference; fileEncoding = 4; lastKnownFileType = sourcecode.c.h; path = HistoryMainViewController.h; sourceTree = "<group>"; };
		AA2BFA5417160D870039A5C4 /* HistoryMainViewController.mm */ = {isa = PBXFileReference; fileEncoding = 4; lastKnownFileType = sourcecode.cpp.objcpp; path = HistoryMainViewController.mm; sourceTree = "<group>"; };
		AA2BFA5517160D880039A5C4 /* HistoryMainViewController.xib */ = {isa = PBXFileReference; fileEncoding = 4; lastKnownFileType = file.xib; path = HistoryMainViewController.xib; sourceTree = "<group>"; };
		AA6AF72F171CBD71001A38C4 /* GlympseTicketActionsDelegate.h */ = {isa = PBXFileReference; lastKnownFileType = sourcecode.c.h; path = GlympseTicketActionsDelegate.h; sourceTree = "<group>"; };
		AA6AF730171CBD71001A38C4 /* GlympseTicketTableCell.h */ = {isa = PBXFileReference; lastKnownFileType = sourcecode.c.h; path = GlympseTicketTableCell.h; sourceTree = "<group>"; };
		AA6AF731171CBD72001A38C4 /* GlympseTicketTableCell.mm */ = {isa = PBXFileReference; lastKnownFileType = sourcecode.cpp.objcpp; path = GlympseTicketTableCell.mm; sourceTree = "<group>"; };
		AA6AF735171CD6C2001A38C4 /* GlympseTicketTableCell.xib */ = {isa = PBXFileReference; fileEncoding = 4; lastKnownFileType = file.xib; path = GlympseTicketTableCell.xib; sourceTree = "<group>"; };
		AA8DE80A1718C30100225EE4 /* icon.png */ = {isa = PBXFileReference; lastKnownFileType = image.png; path = icon.png; sourceTree = "<group>"; };
		AA8DE80C1718C30400225EE4 /* icon@2x.png */ = {isa = PBXFileReference; lastKnownFileType = image.png; path = "icon@2x.png"; sourceTree = "<group>"; };
		AA9EBFB31713A6A50015889F /* MapKit.framework */ = {isa = PBXFileReference; lastKnownFileType = wrapper.framework; name = MapKit.framework; path = System/Library/Frameworks/MapKit.framework; sourceTree = SDKROOT; };
		AA9EBFB61713A6D90015889F /* AddressBook.framework */ = {isa = PBXFileReference; lastKnownFileType = wrapper.framework; name = AddressBook.framework; path = System/Library/Frameworks/AddressBook.framework; sourceTree = SDKROOT; };
		AA9EBFBA1713AC920015889F /* QuartzCore.framework */ = {isa = PBXFileReference; lastKnownFileType = wrapper.framework; name = QuartzCore.framework; path = System/Library/Frameworks/QuartzCore.framework; sourceTree = SDKROOT; };
		AAC805411713556A00792A3F /* GlympseLiteWrapper.h */ = {isa = PBXFileReference; fileEncoding = 4; lastKnownFileType = sourcecode.c.h; name = GlympseLiteWrapper.h; path = ../../Common/GlympseLiteWrapper.h; sourceTree = "<group>"; };
		AAC805421713556A00792A3F /* GlympseLiteWrapper.mm */ = {isa = PBXFileReference; fileEncoding = 4; lastKnownFileType = sourcecode.cpp.objcpp; name = GlympseLiteWrapper.mm; path = ../../Common/GlympseLiteWrapper.mm; sourceTree = "<group>"; };
		AAFF54F01729D1D60080DDF0 /* GlympseKitLite.framework */ = {isa = PBXFileReference; lastKnownFileType = wrapper.framework; path = GlympseKitLite.framework; sourceTree = "<group>"; };
		AAFF54F21729D1D60080DDF0 /* GlympseResourcesLite.bundle */ = {isa = PBXFileReference; lastKnownFileType = "wrapper.plug-in"; path = GlympseResourcesLite.bundle; sourceTree = "<group>"; };
/* End PBXFileReference section */

/* Begin PBXFrameworksBuildPhase section */
		AA010AFA170E419F00CD6E5F /* Frameworks */ = {
			isa = PBXFrameworksBuildPhase;
			buildActionMask = 2147483647;
			files = (
				AA9EBFBB1713AC920015889F /* QuartzCore.framework in Frameworks */,
				AA9EBFB71713A6D90015889F /* AddressBook.framework in Frameworks */,
				AA9EBFB41713A6A50015889F /* MapKit.framework in Frameworks */,
				AA097400170E4BE500B07F9A /* libz.dylib in Frameworks */,
				AA0973FE170E4BDF00B07F9A /* MessageUI.framework in Frameworks */,
				AA0973FC170E4BD800B07F9A /* CFNetwork.framework in Frameworks */,
				AA0973FA170E4BCD00B07F9A /* EventKit.framework in Frameworks */,
				AA0973F8170E4BC600B07F9A /* CoreLocation.framework in Frameworks */,
				AA0973F6170E4BBE00B07F9A /* Security.framework in Frameworks */,
				AA010B01170E419F00CD6E5F /* UIKit.framework in Frameworks */,
				AA010B05170E419F00CD6E5F /* CoreGraphics.framework in Frameworks */,
				AAFF54F31729D1D60080DDF0 /* GlympseKitLite.framework in Frameworks */,
			);
			runOnlyForDeploymentPostprocessing = 0;
		};
/* End PBXFrameworksBuildPhase section */

/* Begin PBXGroup section */
		AA010AF4170E419F00CD6E5F = {
			isa = PBXGroup;
			children = (
				AA010B06170E419F00CD6E5F /* GlympseHistoryLiteDemo */,
				AA010AFF170E419F00CD6E5F /* Frameworks */,
				AA010AFE170E419F00CD6E5F /* Products */,
			);
			sourceTree = "<group>";
		};
		AA010AFE170E419F00CD6E5F /* Products */ = {
			isa = PBXGroup;
			children = (
				AA010AFD170E419F00CD6E5F /* Gly-History.app */,
			);
			name = Products;
			sourceTree = "<group>";
		};
		AA010AFF170E419F00CD6E5F /* Frameworks */ = {
			isa = PBXGroup;
			children = (
				AAFF54EF1729D1D60080DDF0 /* GlympseKitLite.embeddedframework */,
				AA9EBFB61713A6D90015889F /* AddressBook.framework */,
				AA0973FB170E4BD800B07F9A /* CFNetwork.framework */,
				AA010B04170E419F00CD6E5F /* CoreGraphics.framework */,
				AA0973F7170E4BC600B07F9A /* CoreLocation.framework */,
				AA0973F9170E4BCD00B07F9A /* EventKit.framework */,
				AA010B02170E419F00CD6E5F /* Foundation.framework */,
				AA0973FF170E4BE500B07F9A /* libz.dylib */,
				AA9EBFB31713A6A50015889F /* MapKit.framework */,
				AA0973FD170E4BDF00B07F9A /* MessageUI.framework */,
				AA9EBFBA1713AC920015889F /* QuartzCore.framework */,
				AA0973F5170E4BBE00B07F9A /* Security.framework */,
				AA010B00170E419F00CD6E5F /* UIKit.framework */,
			);
			name = Frameworks;
			sourceTree = "<group>";
		};
		AA010B06170E419F00CD6E5F /* GlympseHistoryLiteDemo */ = {
			isa = PBXGroup;
			children = (
				AA010B0F170E419F00CD6E5F /* AppDelegate.h */,
				AA010B10170E419F00CD6E5F /* AppDelegate.mm */,
				AAC805411713556A00792A3F /* GlympseLiteWrapper.h */,
				AAC805421713556A00792A3F /* GlympseLiteWrapper.mm */,
				AA2BFA5317160D870039A5C4 /* HistoryMainViewController.h */,
				AA2BFA5417160D870039A5C4 /* HistoryMainViewController.mm */,
				AA2BFA5517160D880039A5C4 /* HistoryMainViewController.xib */,
				AA6AF72F171CBD71001A38C4 /* GlympseTicketActionsDelegate.h */,
				AA6AF730171CBD71001A38C4 /* GlympseTicketTableCell.h */,
				AA6AF731171CBD72001A38C4 /* GlympseTicketTableCell.mm */,
				AA6AF735171CD6C2001A38C4 /* GlympseTicketTableCell.xib */,
				AA010B07170E419F00CD6E5F /* Supporting Files */,
			);
			path = GlympseHistoryLiteDemo;
			sourceTree = "<group>";
		};
		AA010B07170E419F00CD6E5F /* Supporting Files */ = {
			isa = PBXGroup;
			children = (
				AA010B08170E419F00CD6E5F /* GlympseHistoryLiteDemo-Info.plist */,
				AA010B09170E419F00CD6E5F /* InfoPlist.strings */,
				AA010B0C170E419F00CD6E5F /* main.m */,
				AA010B0E170E419F00CD6E5F /* GlympseHistoryLiteDemo-Prefix.pch */,
				AA8DE80A1718C30100225EE4 /* icon.png */,
				AA8DE80C1718C30400225EE4 /* icon@2x.png */,
				AA010B12170E419F00CD6E5F /* Default.png */,
				AA010B14170E419F00CD6E5F /* Default@2x.png */,
				AA010B16170E419F00CD6E5F /* Default-568h@2x.png */,
			);
			name = "Supporting Files";
			sourceTree = "<group>";
		};
		AAFF54EF1729D1D60080DDF0 /* GlympseKitLite.embeddedframework */ = {
			isa = PBXGroup;
			children = (
				AAFF54F01729D1D60080DDF0 /* GlympseKitLite.framework */,
				AAFF54F11729D1D60080DDF0 /* Resources */,
			);
			name = GlympseKitLite.embeddedframework;
			path = ../../lib/GlympseKitLite.embeddedframework;
			sourceTree = "<group>";
		};
		AAFF54F11729D1D60080DDF0 /* Resources */ = {
			isa = PBXGroup;
			children = (
				AAFF54F21729D1D60080DDF0 /* GlympseResourcesLite.bundle */,
			);
			path = Resources;
			sourceTree = "<group>";
		};
/* End PBXGroup section */

/* Begin PBXNativeTarget section */
		AA010AFC170E419F00CD6E5F /* GlympseHistoryLiteDemo */ = {
			isa = PBXNativeTarget;
			buildConfigurationList = AA010B1A170E419F00CD6E5F /* Build configuration list for PBXNativeTarget "GlympseHistoryLiteDemo" */;
			buildPhases = (
				AA010AF9170E419F00CD6E5F /* Sources */,
				AA010AFA170E419F00CD6E5F /* Frameworks */,
				AA010AFB170E419F00CD6E5F /* Resources */,
			);
			buildRules = (
			);
			dependencies = (
			);
			name = GlympseHistoryLiteDemo;
			productName = GlympseHistoryLiteDemo;
			productReference = AA010AFD170E419F00CD6E5F /* Gly-History.app */;
			productType = "com.apple.product-type.application";
		};
/* End PBXNativeTarget section */

/* Begin PBXProject section */
		AA010AF5170E419F00CD6E5F /* Project object */ = {
			isa = PBXProject;
			attributes = {
				LastUpgradeCheck = 0460;
				ORGANIZATIONNAME = Glympse;
			};
			buildConfigurationList = AA010AF8170E419F00CD6E5F /* Build configuration list for PBXProject "GlympseHistoryLiteDemo" */;
			compatibilityVersion = "Xcode 3.2";
			developmentRegion = English;
			hasScannedForEncodings = 0;
			knownRegions = (
				en,
				es,
			);
			mainGroup = AA010AF4170E419F00CD6E5F;
			productRefGroup = AA010AFE170E419F00CD6E5F /* Products */;
			projectDirPath = "";
			projectRoot = "";
			targets = (
				AA010AFC170E419F00CD6E5F /* GlympseHistoryLiteDemo */,
			);
		};
/* End PBXProject section */

/* Begin PBXResourcesBuildPhase section */
		AA010AFB170E419F00CD6E5F /* Resources */ = {
			isa = PBXResourcesBuildPhase;
			buildActionMask = 2147483647;
			files = (
				AA010B0B170E419F00CD6E5F /* InfoPlist.strings in Resources */,
				AA010B13170E419F00CD6E5F /* Default.png in Resources */,
				AA010B15170E419F00CD6E5F /* Default@2x.png in Resources */,
				AA010B17170E419F00CD6E5F /* Default-568h@2x.png in Resources */,
				AA2BFA5717160D880039A5C4 /* HistoryMainViewController.xib in Resources */,
				AA8DE80B1718C30100225EE4 /* icon.png in Resources */,
				AA8DE80D1718C30400225EE4 /* icon@2x.png in Resources */,
				AA6AF736171CD6C2001A38C4 /* GlympseTicketTableCell.xib in Resources */,
				AAFF54F41729D1D60080DDF0 /* GlympseResourcesLite.bundle in Resources */,
			);
			runOnlyForDeploymentPostprocessing = 0;
		};
/* End PBXResourcesBuildPhase section */

/* Begin PBXSourcesBuildPhase section */
		AA010AF9170E419F00CD6E5F /* Sources */ = {
			isa = PBXSourcesBuildPhase;
			buildActionMask = 2147483647;
			files = (
				AA010B0D170E419F00CD6E5F /* main.m in Sources */,
				AA010B11170E419F00CD6E5F /* AppDelegate.mm in Sources */,
				AAC805431713556A00792A3F /* GlympseLiteWrapper.mm in Sources */,
				AA2BFA5617160D880039A5C4 /* HistoryMainViewController.mm in Sources */,
				AA6AF733171CBF9A001A38C4 /* GlympseTicketTableCell.mm in Sources */,
			);
			runOnlyForDeploymentPostprocessing = 0;
		};
/* End PBXSourcesBuildPhase section */

/* Begin PBXVariantGroup section */
		AA010B09170E419F00CD6E5F /* InfoPlist.strings */ = {
			isa = PBXVariantGroup;
			children = (
				AA010B0A170E419F00CD6E5F /* en */,
			);
			name = InfoPlist.strings;
			sourceTree = "<group>";
		};
/* End PBXVariantGroup section */

/* Begin XCBuildConfiguration section */
		AA010B18170E419F00CD6E5F /* Debug */ = {
			isa = XCBuildConfiguration;
			buildSettings = {
				ALWAYS_SEARCH_USER_PATHS = NO;
				CLANG_WARN_CONSTANT_CONVERSION = YES;
				CLANG_WARN_EMPTY_BODY = YES;
				CLANG_WARN_ENUM_CONVERSION = YES;
				CLANG_WARN_INT_CONVERSION = YES;
				CLANG_WARN__DUPLICATE_METHOD_MATCH = YES;
				"CODE_SIGN_IDENTITY[sdk=iphoneos*]" = "iPhone Developer";
				COPY_PHASE_STRIP = NO;
				GCC_DYNAMIC_NO_PIC = NO;
				GCC_OPTIMIZATION_LEVEL = 0;
				GCC_PREPROCESSOR_DEFINITIONS = (
					"DEBUG=1",
					"$(inherited)",
				);
				GCC_WARN_ABOUT_RETURN_TYPE = YES;
				GCC_WARN_UNINITIALIZED_AUTOS = YES;
				GCC_WARN_UNUSED_VARIABLE = YES;
				HEADER_SEARCH_PATHS = (
					../../include,
					../../controls,
				);
				IPHONEOS_DEPLOYMENT_TARGET = 4.3;
				ONLY_ACTIVE_ARCH = YES;
				SDKROOT = iphoneos;
			};
			name = Debug;
		};
		AA010B19170E419F00CD6E5F /* Release */ = {
			isa = XCBuildConfiguration;
			buildSettings = {
				ALWAYS_SEARCH_USER_PATHS = NO;
				CLANG_WARN_CONSTANT_CONVERSION = YES;
				CLANG_WARN_EMPTY_BODY = YES;
				CLANG_WARN_ENUM_CONVERSION = YES;
				CLANG_WARN_INT_CONVERSION = YES;
				CLANG_WARN__DUPLICATE_METHOD_MATCH = YES;
				"CODE_SIGN_IDENTITY[sdk=iphoneos*]" = "iPhone Developer";
				COPY_PHASE_STRIP = YES;
				GCC_WARN_ABOUT_RETURN_TYPE = YES;
				GCC_WARN_UNINITIALIZED_AUTOS = YES;
				GCC_WARN_UNUSED_VARIABLE = YES;
				HEADER_SEARCH_PATHS = (
					../../include,
					../../controls,
				);
				IPHONEOS_DEPLOYMENT_TARGET = 4.3;
				OTHER_CFLAGS = "-DNS_BLOCK_ASSERTIONS=1";
				SDKROOT = iphoneos;
				VALIDATE_PRODUCT = YES;
			};
			name = Release;
		};
		AA010B1B170E419F00CD6E5F /* Debug */ = {
			isa = XCBuildConfiguration;
			buildSettings = {
				FRAMEWORK_SEARCH_PATHS = (
					"$(inherited)",
					"\"$(SRCROOT)/../../lib/GlympseKitLite.embeddedframework\"",
				);
				GCC_PRECOMPILE_PREFIX_HEADER = YES;
				GCC_PREFIX_HEADER = "GlympseHistoryLiteDemo/GlympseHistoryLiteDemo-Prefix.pch";
				HEADER_SEARCH_PATHS = (
					../../include,
					../../controls,
					../Common,
				);
				INFOPLIST_FILE = "GlympseHistoryLiteDemo/GlympseHistoryLiteDemo-Info.plist";
				LIBRARY_SEARCH_PATHS = (
					"$(inherited)",
					"\"$(SRCROOT)/../../lib\"",
				);
				ONLY_ACTIVE_ARCH = NO;
				OTHER_LDFLAGS = "-ObjC";
				PRODUCT_NAME = "Gly-History";
				WRAPPER_EXTENSION = app;
			};
			name = Debug;
		};
		AA010B1C170E419F00CD6E5F /* Release */ = {
			isa = XCBuildConfiguration;
			buildSettings = {
				FRAMEWORK_SEARCH_PATHS = (
					"$(inherited)",
					"\"$(SRCROOT)/../../lib/GlympseKitLite.embeddedframework\"",
				);
				GCC_PRECOMPILE_PREFIX_HEADER = YES;
				GCC_PREFIX_HEADER = "GlympseHistoryLiteDemo/GlympseHistoryLiteDemo-Prefix.pch";
				HEADER_SEARCH_PATHS = (
					../../include,
					../../controls,
					../Common,
				);
				INFOPLIST_FILE = "GlympseHistoryLiteDemo/GlympseHistoryLiteDemo-Info.plist";
				LIBRARY_SEARCH_PATHS = (
					"$(inherited)",
					"\"$(SRCROOT)/../../lib\"",
				);
				OTHER_LDFLAGS = "-ObjC";
				PRODUCT_NAME = "Gly-History";
				WRAPPER_EXTENSION = app;
			};
			name = Release;
		};
/* End XCBuildConfiguration section */

/* Begin XCConfigurationList section */
		AA010AF8170E419F00CD6E5F /* Build configuration list for PBXProject "GlympseHistoryLiteDemo" */ = {
			isa = XCConfigurationList;
			buildConfigurations = (
				AA010B18170E419F00CD6E5F /* Debug */,
				AA010B19170E419F00CD6E5F /* Release */,
			);
			defaultConfigurationIsVisible = 0;
			defaultConfigurationName = Release;
		};
		AA010B1A170E419F00CD6E5F /* Build configuration list for PBXNativeTarget "GlympseHistoryLiteDemo" */ = {
			isa = XCConfigurationList;
			buildConfigurations = (
				AA010B1B170E419F00CD6E5F /* Debug */,
				AA010B1C170E419F00CD6E5F /* Release */,
			);
			defaultConfigurationIsVisible = 0;
			defaultConfigurationName = Release;
		};
/* End XCConfigurationList section */
	};
	rootObject = AA010AF5170E419F00CD6E5F /* Project object */;
}
